
Microsoft Visual Studio Solution File, Format Version 12.00
# Visual Studio Version 17
VisualStudioVersion = 17.10.35027.167
MinimumVisualStudioVersion = 10.0.40219.1
Project("{9A19103F-16F7-4668-BE54-9A1E7A4F7556}") = "Movies.API", "Movies.API\Movies.API.csproj", "{EE7BACBC-8205-46F2-9463-620A1E818EE0}"
EndProject
Project("{9A19103F-16F7-4668-BE54-9A1E7A4F7556}") = "IdentityServer", "IdentityServer\IdentityServer.csproj", "{88C90D4F-F8EA-430D-BC99-1490C7736988}"
EndProject
Project("{FAE04EC0-301F-11D3-BF4B-00C04F79EFBC}") = "Movies.Client", "Movies.Client\Movies.Client.csproj", "{BD5B1368-12F4-48B5-AF47-250F4C831DAA}"
EndProject
Project("{FAE04EC0-301F-11D3-BF4B-00C04F79EFBC}") = "Models", "Models\Models.csproj", "{02DC69AC-86A7-44DB-A359-39EDF05F7DB5}"
EndProject
Global
	GlobalSection(SolutionConfigurationPlatforms) = preSolution
		Debug|Any CPU = Debug|Any CPU
		Release|Any CPU = Release|Any CPU
	EndGlobalSection
	GlobalSection(ProjectConfigurationPlatforms) = postSolution
		{EE7BACBC-8205-46F2-9463-620A1E818EE0}.Debug|Any CPU.ActiveCfg = Debug|Any CPU
		{EE7BACBC-8205-46F2-9463-620A1E818EE0}.Debug|Any CPU.Build.0 = Debug|Any CPU
		{EE7BACBC-8205-46F2-9463-620A1E818EE0}.Release|Any CPU.ActiveCfg = Release|Any CPU
		{EE7BACBC-8205-46F2-9463-620A1E818EE0}.Release|Any CPU.Build.0 = Release|Any CPU
		{88C90D4F-F8EA-430D-BC99-1490C7736988}.Debug|Any CPU.ActiveCfg = Debug|Any CPU
		{88C90D4F-F8EA-430D-BC99-1490C7736988}.Debug|Any CPU.Build.0 = Debug|Any CPU
		{88C90D4F-F8EA-430D-BC99-1490C7736988}.Release|Any CPU.ActiveCfg = Release|Any CPU
		{88C90D4F-F8EA-430D-BC99-1490C7736988}.Release|Any CPU.Build.0 = Release|Any CPU
		{BD5B1368-12F4-48B5-AF47-250F4C831DAA}.Debug|Any CPU.ActiveCfg = Debug|Any CPU
		{BD5B1368-12F4-48B5-AF47-250F4C831DAA}.Debug|Any CPU.Build.0 = Debug|Any CPU
		{BD5B1368-12F4-48B5-AF47-250F4C831DAA}.Release|Any CPU.ActiveCfg = Release|Any CPU
		{BD5B1368-12F4-48B5-AF47-250F4C831DAA}.Release|Any CPU.Build.0 = Release|Any CPU
		{02DC69AC-86A7-44DB-A359-39EDF05F7DB5}.Debug|Any CPU.ActiveCfg = Debug|Any CPU
		{02DC69AC-86A7-44DB-A359-39EDF05F7DB5}.Debug|Any CPU.Build.0 = Debug|Any CPU
		{02DC69AC-86A7-44DB-A359-39EDF05F7DB5}.Release|Any CPU.ActiveCfg = Release|Any CPU
		{02DC69AC-86A7-44DB-A359-39EDF05F7DB5}.Release|Any CPU.Build.0 = Release|Any CPU
	EndGlobalSection
	GlobalSection(SolutionProperties) = preSolution
		HideSolutionNode = FALSE
	EndGlobalSection
	GlobalSection(ExtensibilityGlobals) = postSolution
		SolutionGuid = {72E1189C-0D2A-42BE-8383-A6A7F06EBF53}
	EndGlobalSection
EndGlobal
